
Microsoft Visual Studio Solution File, Format Version 12.00
# Visual Studio Version 17
VisualStudioVersion = 17.12.35514.174
MinimumVisualStudioVersion = 10.0.40219.1
Project("{2150E333-8FDC-42A3-9474-1A3956D46DE8}") = "http", "http", "{AFBCFB0E-6F9F-4BE3-8DF7-FAC908C6F448}"
EndProject
Project("{2150E333-8FDC-42A3-9474-1A3956D46DE8}") = "service_invocation", "service_invocation", "{084EA62F-5105-4FC7-8A0C-CC36333EF3E0}"
EndProject
Project("{FAE04EC0-301F-11D3-BF4B-00C04F79EFBC}") = "OrderProcessor", "service_invocation\http\OrderProcessor\OrderProcessor.csproj", "{8456E3A2-73C5-456B-9636-1BC152AB3951}"
EndProject
Project("{FAE04EC0-301F-11D3-BF4B-00C04F79EFBC}") = "Checkout", "service_invocation\http\Checkout\Checkout.csproj", "{300E05BF-B759-47D1-B42C-79F74D76DC24}"
EndProject
Project("{2150E333-8FDC-42A3-9474-1A3956D46DE8}") = "state_management", "state_management", "{BE44C31D-EDFA-42E6-A2B2-520447D8B696}"
EndProject
Project("{2150E333-8FDC-42A3-9474-1A3956D46DE8}") = "http", "http", "{05DC43A8-7728-458E-9951-ED4C9E16E2CD}"
EndProject
Project("{FAE04EC0-301F-11D3-BF4B-00C04F79EFBC}") = "OrderProcessor", "state_management\http\OrderProcessor\OrderProcessor.csproj", "{4F01E4E7-9A74-4776-AED8-5CB4AF8E2FA6}"
EndProject
Project("{2150E333-8FDC-42A3-9474-1A3956D46DE8}") = "pubsub", "pubsub", "{E266A9F9-5B8E-4D45-A347-24082642BA36}"
EndProject
Project("{2150E333-8FDC-42A3-9474-1A3956D46DE8}") = "http", "http", "{FCB56C0A-75BD-4288-B2C2-D659D582D160}"
EndProject
Project("{FAE04EC0-301F-11D3-BF4B-00C04F79EFBC}") = "OrderProcessor", "pubsub\http\OrderProcessor\OrderProcessor.csproj", "{5497057F-6750-4539-9FB5-0331E7811229}"
EndProject
Project("{FAE04EC0-301F-11D3-BF4B-00C04F79EFBC}") = "Checkout", "pubsub\http\Checkout\Checkout.csproj", "{37063E6D-3C44-43B1-A305-A9DF9929E03D}"
EndProject
Project("{FAE04EC0-301F-11D3-BF4B-00C04F79EFBC}") = "EventService.DeleteState", "state_management\http\EventService.DeleteState\EventService.DeleteState.csproj", "{B0B7B4F5-D85A-4A86-B58E-6E85927EE20E}"
EndProject
Project("{FAE04EC0-301F-11D3-BF4B-00C04F79EFBC}") = "EventService.SaveAndGetState", "state_management\http\EventService.SaveAndGetState\EventService.SaveAndGetState.csproj", "{FB2DA338-F91A-48F4-A0B6-C1DBF44D9B50}"
EndProject
Project("{FAE04EC0-301F-11D3-BF4B-00C04F79EFBC}") = "EventService.TransactionOperation", "state_management\http\EventService.TransactionOperation\EventService.TransactionOperation.csproj", "{ED2FEE83-B129-44A0-BB45-D1CF4A7D1E7F}"
EndProject
Project("{FAE04EC0-301F-11D3-BF4B-00C04F79EFBC}") = "CheckoutService.WebApi", "pubsub\http\CheckoutService.WebApi\CheckoutService.WebApi.csproj", "{77A0FAA0-72DC-4279-8B9A-9474456DDF31}"
EndProject
Project("{FAE04EC0-301F-11D3-BF4B-00C04F79EFBC}") = "EventService.Publish.Console", "pubsub\http\EventService.Publish.Console\EventService.Publish.Console.csproj", "{AB666F93-93FA-4711-9B1B-881DDDFAAAE7}"
EndProject
Global
	GlobalSection(SolutionConfigurationPlatforms) = preSolution
		Debug|Any CPU = Debug|Any CPU
		Release|Any CPU = Release|Any CPU
	EndGlobalSection
	GlobalSection(ProjectConfigurationPlatforms) = postSolution
		{8456E3A2-73C5-456B-9636-1BC152AB3951}.Debug|Any CPU.ActiveCfg = Debug|Any CPU
		{8456E3A2-73C5-456B-9636-1BC152AB3951}.Debug|Any CPU.Build.0 = Debug|Any CPU
		{8456E3A2-73C5-456B-9636-1BC152AB3951}.Release|Any CPU.ActiveCfg = Release|Any CPU
		{8456E3A2-73C5-456B-9636-1BC152AB3951}.Release|Any CPU.Build.0 = Release|Any CPU
		{300E05BF-B759-47D1-B42C-79F74D76DC24}.Debug|Any CPU.ActiveCfg = Debug|Any CPU
		{300E05BF-B759-47D1-B42C-79F74D76DC24}.Debug|Any CPU.Build.0 = Debug|Any CPU
		{300E05BF-B759-47D1-B42C-79F74D76DC24}.Release|Any CPU.ActiveCfg = Release|Any CPU
		{300E05BF-B759-47D1-B42C-79F74D76DC24}.Release|Any CPU.Build.0 = Release|Any CPU
		{4F01E4E7-9A74-4776-AED8-5CB4AF8E2FA6}.Debug|Any CPU.ActiveCfg = Debug|Any CPU
		{4F01E4E7-9A74-4776-AED8-5CB4AF8E2FA6}.Debug|Any CPU.Build.0 = Debug|Any CPU
		{4F01E4E7-9A74-4776-AED8-5CB4AF8E2FA6}.Release|Any CPU.ActiveCfg = Release|Any CPU
		{4F01E4E7-9A74-4776-AED8-5CB4AF8E2FA6}.Release|Any CPU.Build.0 = Release|Any CPU
		{5497057F-6750-4539-9FB5-0331E7811229}.Debug|Any CPU.ActiveCfg = Debug|Any CPU
		{5497057F-6750-4539-9FB5-0331E7811229}.Debug|Any CPU.Build.0 = Debug|Any CPU
		{5497057F-6750-4539-9FB5-0331E7811229}.Release|Any CPU.ActiveCfg = Release|Any CPU
		{5497057F-6750-4539-9FB5-0331E7811229}.Release|Any CPU.Build.0 = Release|Any CPU
		{37063E6D-3C44-43B1-A305-A9DF9929E03D}.Debug|Any CPU.ActiveCfg = Debug|Any CPU
		{37063E6D-3C44-43B1-A305-A9DF9929E03D}.Debug|Any CPU.Build.0 = Debug|Any CPU
		{37063E6D-3C44-43B1-A305-A9DF9929E03D}.Release|Any CPU.ActiveCfg = Release|Any CPU
		{37063E6D-3C44-43B1-A305-A9DF9929E03D}.Release|Any CPU.Build.0 = Release|Any CPU
		{B0B7B4F5-D85A-4A86-B58E-6E85927EE20E}.Debug|Any CPU.ActiveCfg = Debug|Any CPU
		{B0B7B4F5-D85A-4A86-B58E-6E85927EE20E}.Debug|Any CPU.Build.0 = Debug|Any CPU
		{B0B7B4F5-D85A-4A86-B58E-6E85927EE20E}.Release|Any CPU.ActiveCfg = Release|Any CPU
		{B0B7B4F5-D85A-4A86-B58E-6E85927EE20E}.Release|Any CPU.Build.0 = Release|Any CPU
		{FB2DA338-F91A-48F4-A0B6-C1DBF44D9B50}.Debug|Any CPU.ActiveCfg = Debug|Any CPU
		{FB2DA338-F91A-48F4-A0B6-C1DBF44D9B50}.Debug|Any CPU.Build.0 = Debug|Any CPU
		{FB2DA338-F91A-48F4-A0B6-C1DBF44D9B50}.Release|Any CPU.ActiveCfg = Release|Any CPU
		{FB2DA338-F91A-48F4-A0B6-C1DBF44D9B50}.Release|Any CPU.Build.0 = Release|Any CPU
		{ED2FEE83-B129-44A0-BB45-D1CF4A7D1E7F}.Debug|Any CPU.ActiveCfg = Debug|Any CPU
		{ED2FEE83-B129-44A0-BB45-D1CF4A7D1E7F}.Debug|Any CPU.Build.0 = Debug|Any CPU
		{ED2FEE83-B129-44A0-BB45-D1CF4A7D1E7F}.Release|Any CPU.ActiveCfg = Release|Any CPU
		{ED2FEE83-B129-44A0-BB45-D1CF4A7D1E7F}.Release|Any CPU.Build.0 = Release|Any CPU
		{77A0FAA0-72DC-4279-8B9A-9474456DDF31}.Debug|Any CPU.ActiveCfg = Debug|Any CPU
		{77A0FAA0-72DC-4279-8B9A-9474456DDF31}.Debug|Any CPU.Build.0 = Debug|Any CPU
		{77A0FAA0-72DC-4279-8B9A-9474456DDF31}.Release|Any CPU.ActiveCfg = Release|Any CPU
		{77A0FAA0-72DC-4279-8B9A-9474456DDF31}.Release|Any CPU.Build.0 = Release|Any CPU
		{AB666F93-93FA-4711-9B1B-881DDDFAAAE7}.Debug|Any CPU.ActiveCfg = Debug|Any CPU
		{AB666F93-93FA-4711-9B1B-881DDDFAAAE7}.Debug|Any CPU.Build.0 = Debug|Any CPU
		{AB666F93-93FA-4711-9B1B-881DDDFAAAE7}.Release|Any CPU.ActiveCfg = Release|Any CPU
		{AB666F93-93FA-4711-9B1B-881DDDFAAAE7}.Release|Any CPU.Build.0 = Release|Any CPU
	EndGlobalSection
	GlobalSection(SolutionProperties) = preSolution
		HideSolutionNode = FALSE
	EndGlobalSection
	GlobalSection(NestedProjects) = preSolution
		{AFBCFB0E-6F9F-4BE3-8DF7-FAC908C6F448} = {084EA62F-5105-4FC7-8A0C-CC36333EF3E0}
		{8456E3A2-73C5-456B-9636-1BC152AB3951} = {AFBCFB0E-6F9F-4BE3-8DF7-FAC908C6F448}
		{300E05BF-B759-47D1-B42C-79F74D76DC24} = {AFBCFB0E-6F9F-4BE3-8DF7-FAC908C6F448}
		{05DC43A8-7728-458E-9951-ED4C9E16E2CD} = {BE44C31D-EDFA-42E6-A2B2-520447D8B696}
		{4F01E4E7-9A74-4776-AED8-5CB4AF8E2FA6} = {05DC43A8-7728-458E-9951-ED4C9E16E2CD}
		{FCB56C0A-75BD-4288-B2C2-D659D582D160} = {E266A9F9-5B8E-4D45-A347-24082642BA36}
		{5497057F-6750-4539-9FB5-0331E7811229} = {FCB56C0A-75BD-4288-B2C2-D659D582D160}
		{37063E6D-3C44-43B1-A305-A9DF9929E03D} = {FCB56C0A-75BD-4288-B2C2-D659D582D160}
		{B0B7B4F5-D85A-4A86-B58E-6E85927EE20E} = {05DC43A8-7728-458E-9951-ED4C9E16E2CD}
		{FB2DA338-F91A-48F4-A0B6-C1DBF44D9B50} = {05DC43A8-7728-458E-9951-ED4C9E16E2CD}
		{ED2FEE83-B129-44A0-BB45-D1CF4A7D1E7F} = {05DC43A8-7728-458E-9951-ED4C9E16E2CD}
		{77A0FAA0-72DC-4279-8B9A-9474456DDF31} = {FCB56C0A-75BD-4288-B2C2-D659D582D160}
		{AB666F93-93FA-4711-9B1B-881DDDFAAAE7} = {FCB56C0A-75BD-4288-B2C2-D659D582D160}
	EndGlobalSection
EndGlobal
